PODS:
  - JKDataHelper (0.1.21)
  - JKWKWebViewHandler (0.4.1):
    - JKDataHelper

DEPENDENCIES:
  - JKWKWebViewHandler (from `../`)

SPEC REPOS:
  trunk:
    - JKDataHelper

EXTERNAL SOURCES:
  JKWKWebViewHandler:
    :path: "../"

SPEC CHECKSUMS:
  JKDataHelper: a9b82e97b561949cfe7f64282c08e26b5c4ef580
  JKWKWebViewHandler: bcdb32036222c79319f9894f372ca913258d43bd

PODFILE CHECKSUM: f3046853509cf550cdfee8147c8c991078d478b6

COCOAPODS: 1.8.4
