PODS:
  - JKWKWebViewHandler (0.1.0)

DEPENDENCIES:
  - JKWKWebViewHandler (from `../`)

EXTERNAL SOURCES:
  JKWKWebViewHandler:
    :path: "../"

SPEC CHECKSUMS:
  JKWKWebViewHandler: 556aaecf4145172f20932f0bd28b2ae51a57d201

PODFILE CHECKSUM: f3046853509cf550cdfee8147c8c991078d478b6

COCOAPODS: 1.1.1
